
Microsoft Visual Studio Solution File, Format Version 12.00
Project("{2150E333-8FDC-42A3-9474-1A3956D46DE8}") = "src", "src", "{53E5C365-8707-47A0-BDAE-6D0B24BF2C7C}"
EndProject
Project("{2150E333-8FDC-42A3-9474-1A3956D46DE8}") = "samples", "samples", "{F8427DBE-56BD-4F2F-A57A-FF5AE3F10BAB}"
	ProjectSection(SolutionItems) = preProject
		samples\docker-compose.yml = samples\docker-compose.yml
	EndProjectSection
EndProject
Project("{FAE04EC0-301F-11D3-BF4B-00C04F79EFBC}") = "FacilisDynamoDb.Aot.WebApi", "samples\FacilisDynamoDb.Aot.WebApi\FacilisDynamoDb.Aot.WebApi.csproj", "{B7147AED-6E1F-448C-93B3-D955B94AB695}"
EndProject
Project("{2150E333-8FDC-42A3-9474-1A3956D46DE8}") = "tests", "tests", "{54519F12-27F9-454D-8D8E-B49678EC152C}"
EndProject
Project("{FAE04EC0-301F-11D3-BF4B-00C04F79EFBC}") = "FacilisDynamoDb.Extensions.DependencyInjection", "src\FacilisDynamoDb.Extensions.DependencyInjection\FacilisDynamoDb.Extensions.DependencyInjection.csproj", "{F3178EA0-204B-4248-AFB5-F756582C0FD5}"
EndProject
Project("{FAE04EC0-301F-11D3-BF4B-00C04F79EFBC}") = "FacilisDynamoDb.Tests", "tests\FacilisDynamoDb.Tests\FacilisDynamoDb.Tests.csproj", "{C75B20EF-20B1-40BB-833F-FF9E90BE4848}"
EndProject
Project("{FAE04EC0-301F-11D3-BF4B-00C04F79EFBC}") = "FacilisDynamoDb", "src\FacilisDynamoDb\FacilisDynamoDb.csproj", "{1B45F91D-27B6-479C-9553-C3A0486D1146}"
EndProject
Project("{FAE04EC0-301F-11D3-BF4B-00C04F79EFBC}") = "FacilisDynamoDb.Tests.Utils", "src\FacilisDynamoDb.Tests.Utils\FacilisDynamoDb.Tests.Utils.csproj", "{FD10EE87-59D9-4494-912B-149F9B00AEBC}"
EndProject
Global
	GlobalSection(SolutionConfigurationPlatforms) = preSolution
		Debug|Any CPU = Debug|Any CPU
		Release|Any CPU = Release|Any CPU
	EndGlobalSection
	GlobalSection(ProjectConfigurationPlatforms) = postSolution
		{B7147AED-6E1F-448C-93B3-D955B94AB695}.Debug|Any CPU.ActiveCfg = Debug|Any CPU
		{B7147AED-6E1F-448C-93B3-D955B94AB695}.Debug|Any CPU.Build.0 = Debug|Any CPU
		{B7147AED-6E1F-448C-93B3-D955B94AB695}.Release|Any CPU.ActiveCfg = Release|Any CPU
		{B7147AED-6E1F-448C-93B3-D955B94AB695}.Release|Any CPU.Build.0 = Release|Any CPU
		{F3178EA0-204B-4248-AFB5-F756582C0FD5}.Debug|Any CPU.ActiveCfg = Debug|Any CPU
		{F3178EA0-204B-4248-AFB5-F756582C0FD5}.Debug|Any CPU.Build.0 = Debug|Any CPU
		{F3178EA0-204B-4248-AFB5-F756582C0FD5}.Release|Any CPU.ActiveCfg = Release|Any CPU
		{F3178EA0-204B-4248-AFB5-F756582C0FD5}.Release|Any CPU.Build.0 = Release|Any CPU
		{C75B20EF-20B1-40BB-833F-FF9E90BE4848}.Debug|Any CPU.ActiveCfg = Debug|Any CPU
		{C75B20EF-20B1-40BB-833F-FF9E90BE4848}.Debug|Any CPU.Build.0 = Debug|Any CPU
		{C75B20EF-20B1-40BB-833F-FF9E90BE4848}.Release|Any CPU.ActiveCfg = Release|Any CPU
		{C75B20EF-20B1-40BB-833F-FF9E90BE4848}.Release|Any CPU.Build.0 = Release|Any CPU
		{1B45F91D-27B6-479C-9553-C3A0486D1146}.Debug|Any CPU.ActiveCfg = Debug|Any CPU
		{1B45F91D-27B6-479C-9553-C3A0486D1146}.Debug|Any CPU.Build.0 = Debug|Any CPU
		{1B45F91D-27B6-479C-9553-C3A0486D1146}.Release|Any CPU.ActiveCfg = Release|Any CPU
		{1B45F91D-27B6-479C-9553-C3A0486D1146}.Release|Any CPU.Build.0 = Release|Any CPU
		{FD10EE87-59D9-4494-912B-149F9B00AEBC}.Debug|Any CPU.ActiveCfg = Debug|Any CPU
		{FD10EE87-59D9-4494-912B-149F9B00AEBC}.Debug|Any CPU.Build.0 = Debug|Any CPU
		{FD10EE87-59D9-4494-912B-149F9B00AEBC}.Release|Any CPU.ActiveCfg = Release|Any CPU
		{FD10EE87-59D9-4494-912B-149F9B00AEBC}.Release|Any CPU.Build.0 = Release|Any CPU
	EndGlobalSection
	GlobalSection(NestedProjects) = preSolution
		{B7147AED-6E1F-448C-93B3-D955B94AB695} = {F8427DBE-56BD-4F2F-A57A-FF5AE3F10BAB}
		{F3178EA0-204B-4248-AFB5-F756582C0FD5} = {53E5C365-8707-47A0-BDAE-6D0B24BF2C7C}
		{C75B20EF-20B1-40BB-833F-FF9E90BE4848} = {54519F12-27F9-454D-8D8E-B49678EC152C}
		{1B45F91D-27B6-479C-9553-C3A0486D1146} = {53E5C365-8707-47A0-BDAE-6D0B24BF2C7C}
		{FD10EE87-59D9-4494-912B-149F9B00AEBC} = {53E5C365-8707-47A0-BDAE-6D0B24BF2C7C}
	EndGlobalSection
EndGlobal
